Microsoft Visual Studio Solution File, Format Version 11.00
# Visual C++ Express 2010
Project("{8BC9CEB8-8B4A-11D0-8D11-00A0C91BC942}") = "zlib", "zlib\zlib.vcxproj", "{E49FF4AF-766A-598F-91A2-99F255AAD4A8}"
EndProject
Project("{8BC9CEB8-8B4A-11D0-8D11-00A0C91BC942}") = "xml", "xml\xml.vcxproj", "{C1949314-BF17-551A-A7A5-8C1E2B999681}"
EndProject
Project("{8BC9CEB8-8B4A-11D0-8D11-00A0C91BC942}") = "plib", "plib\plib.vcxproj", "{9A6D5063-5BCD-597E-A440-5122933F70C4}"
EndProject
Project("{8BC9CEB8-8B4A-11D0-8D11-00A0C91BC942}") = "opc", "opc\opc.vcxproj", "{F674B118-98CB-56EB-B398-3C0F6AA6C40B}"
EndProject
Project("{8BC9CEB8-8B4A-11D0-8D11-00A0C91BC942}") = "mce", "mce\mce.vcxproj", "{662B4FEA-25F4-5790-B59F-0DAF49FBC412}"
EndProject
Project("{8BC9CEB8-8B4A-11D0-8D11-00A0C91BC942}") = "opc_helloworld", "opc_helloworld\opc_helloworld.vcxproj", "{CFAF9971-0554-5BA5-9F12-BE0039BAB569}"
EndProject
Project("{8BC9CEB8-8B4A-11D0-8D11-00A0C91BC942}") = "opc_zipread", "opc_zipread\opc_zipread.vcxproj", "{3AF0A8D6-3B0D-5262-8AEA-6AB2B58EA202}"
EndProject
Project("{8BC9CEB8-8B4A-11D0-8D11-00A0C91BC942}") = "opc_zipextract", "opc_zipextract\opc_zipextract.vcxproj", "{C935A912-71CE-5382-BE66-926E0328FE1D}"
EndProject
Project("{8BC9CEB8-8B4A-11D0-8D11-00A0C91BC942}") = "opc_zipwrite", "opc_zipwrite\opc_zipwrite.vcxproj", "{940FE883-31B0-5AB8-989C-3179A89B7448}"
EndProject
Project("{8BC9CEB8-8B4A-11D0-8D11-00A0C91BC942}") = "opc_dump", "opc_dump\opc_dump.vcxproj", "{EBE78ECC-AC47-5D69-9E4B-E3B5748428A5}"
EndProject
Project("{8BC9CEB8-8B4A-11D0-8D11-00A0C91BC942}") = "opc_trim", "opc_trim\opc_trim.vcxproj", "{3E4706F3-FCD5-5F9A-8A2D-013C0FFC9DBB}"
EndProject
Project("{8BC9CEB8-8B4A-11D0-8D11-00A0C91BC942}") = "opc_mem", "opc_mem\opc_mem.vcxproj", "{9828E898-97C7-5BC7-BA09-E9811D1C0ED3}"
EndProject
Project("{8BC9CEB8-8B4A-11D0-8D11-00A0C91BC942}") = "opc_extract", "opc_extract\opc_extract.vcxproj", "{6CBF6B9A-EC18-518B-8F5D-76E736F1E79B}"
EndProject
Project("{8BC9CEB8-8B4A-11D0-8D11-00A0C91BC942}") = "opc_xml", "opc_xml\opc_xml.vcxproj", "{CF1E1592-536A-5D2E-8F0A-1CFD6D1039C3}"
EndProject
Project("{8BC9CEB8-8B4A-11D0-8D11-00A0C91BC942}") = "opc_xml2", "opc_xml2\opc_xml2.vcxproj", "{75D8C77F-F4BA-564A-8596-BE3D368408E8}"
EndProject
Project("{8BC9CEB8-8B4A-11D0-8D11-00A0C91BC942}") = "opc_part", "opc_part\opc_part.vcxproj", "{F24388BC-E9FF-5F03-8312-770FA7CDB4DF}"
EndProject
Project("{8BC9CEB8-8B4A-11D0-8D11-00A0C91BC942}") = "opc_relation", "opc_relation\opc_relation.vcxproj", "{DCE7DAA3-2BAA-5970-B1BB-82AD0087DCE6}"
EndProject
Global
	GlobalSection(SolutionConfigurationPlatforms) = preSolution
		Debug|Win32 = Debug|Win32
		Release|Win32 = Release|Win32
	EndGlobalSection
	GlobalSection(ProjectConfigurationPlatforms) = postSolution
		{E49FF4AF-766A-598F-91A2-99F255AAD4A8}.Debug|Win32.ActiveCfg = Debug|Win32
		{E49FF4AF-766A-598F-91A2-99F255AAD4A8}.Debug|Win32.Build.0 = Debug|Win32
		{E49FF4AF-766A-598F-91A2-99F255AAD4A8}.Release|Win32.ActiveCfg = Release|Win32
		{E49FF4AF-766A-598F-91A2-99F255AAD4A8}.Release|Win32.Build.0 = Release|Win32
		{C1949314-BF17-551A-A7A5-8C1E2B999681}.Debug|Win32.ActiveCfg = Debug|Win32
		{C1949314-BF17-551A-A7A5-8C1E2B999681}.Debug|Win32.Build.0 = Debug|Win32
		{C1949314-BF17-551A-A7A5-8C1E2B999681}.Release|Win32.ActiveCfg = Release|Win32
		{C1949314-BF17-551A-A7A5-8C1E2B999681}.Release|Win32.Build.0 = Release|Win32
		{9A6D5063-5BCD-597E-A440-5122933F70C4}.Debug|Win32.ActiveCfg = Debug|Win32
		{9A6D5063-5BCD-597E-A440-5122933F70C4}.Debug|Win32.Build.0 = Debug|Win32
		{9A6D5063-5BCD-597E-A440-5122933F70C4}.Release|Win32.ActiveCfg = Release|Win32
		{9A6D5063-5BCD-597E-A440-5122933F70C4}.Release|Win32.Build.0 = Release|Win32
		{F674B118-98CB-56EB-B398-3C0F6AA6C40B}.Debug|Win32.ActiveCfg = Debug|Win32
		{F674B118-98CB-56EB-B398-3C0F6AA6C40B}.Debug|Win32.Build.0 = Debug|Win32
		{F674B118-98CB-56EB-B398-3C0F6AA6C40B}.Release|Win32.ActiveCfg = Release|Win32
		{F674B118-98CB-56EB-B398-3C0F6AA6C40B}.Release|Win32.Build.0 = Release|Win32
		{662B4FEA-25F4-5790-B59F-0DAF49FBC412}.Debug|Win32.ActiveCfg = Debug|Win32
		{662B4FEA-25F4-5790-B59F-0DAF49FBC412}.Debug|Win32.Build.0 = Debug|Win32
		{662B4FEA-25F4-5790-B59F-0DAF49FBC412}.Release|Win32.ActiveCfg = Release|Win32
		{662B4FEA-25F4-5790-B59F-0DAF49FBC412}.Release|Win32.Build.0 = Release|Win32
		{CFAF9971-0554-5BA5-9F12-BE0039BAB569}.Debug|Win32.ActiveCfg = Debug|Win32
		{CFAF9971-0554-5BA5-9F12-BE0039BAB569}.Debug|Win32.Build.0 = Debug|Win32
		{CFAF9971-0554-5BA5-9F12-BE0039BAB569}.Release|Win32.ActiveCfg = Release|Win32
		{CFAF9971-0554-5BA5-9F12-BE0039BAB569}.Release|Win32.Build.0 = Release|Win32
		{3AF0A8D6-3B0D-5262-8AEA-6AB2B58EA202}.Debug|Win32.ActiveCfg = Debug|Win32
		{3AF0A8D6-3B0D-5262-8AEA-6AB2B58EA202}.Debug|Win32.Build.0 = Debug|Win32
		{3AF0A8D6-3B0D-5262-8AEA-6AB2B58EA202}.Release|Win32.ActiveCfg = Release|Win32
		{3AF0A8D6-3B0D-5262-8AEA-6AB2B58EA202}.Release|Win32.Build.0 = Release|Win32
		{C935A912-71CE-5382-BE66-926E0328FE1D}.Debug|Win32.ActiveCfg = Debug|Win32
		{C935A912-71CE-5382-BE66-926E0328FE1D}.Debug|Win32.Build.0 = Debug|Win32
		{C935A912-71CE-5382-BE66-926E0328FE1D}.Release|Win32.ActiveCfg = Release|Win32
		{C935A912-71CE-5382-BE66-926E0328FE1D}.Release|Win32.Build.0 = Release|Win32
		{940FE883-31B0-5AB8-989C-3179A89B7448}.Debug|Win32.ActiveCfg = Debug|Win32
		{940FE883-31B0-5AB8-989C-3179A89B7448}.Debug|Win32.Build.0 = Debug|Win32
		{940FE883-31B0-5AB8-989C-3179A89B7448}.Release|Win32.ActiveCfg = Release|Win32
		{940FE883-31B0-5AB8-989C-3179A89B7448}.Release|Win32.Build.0 = Release|Win32
		{EBE78ECC-AC47-5D69-9E4B-E3B5748428A5}.Debug|Win32.ActiveCfg = Debug|Win32
		{EBE78ECC-AC47-5D69-9E4B-E3B5748428A5}.Debug|Win32.Build.0 = Debug|Win32
		{EBE78ECC-AC47-5D69-9E4B-E3B5748428A5}.Release|Win32.ActiveCfg = Release|Win32
		{EBE78ECC-AC47-5D69-9E4B-E3B5748428A5}.Release|Win32.Build.0 = Release|Win32
		{3E4706F3-FCD5-5F9A-8A2D-013C0FFC9DBB}.Debug|Win32.ActiveCfg = Debug|Win32
		{3E4706F3-FCD5-5F9A-8A2D-013C0FFC9DBB}.Debug|Win32.Build.0 = Debug|Win32
		{3E4706F3-FCD5-5F9A-8A2D-013C0FFC9DBB}.Release|Win32.ActiveCfg = Release|Win32
		{3E4706F3-FCD5-5F9A-8A2D-013C0FFC9DBB}.Release|Win32.Build.0 = Release|Win32
		{9828E898-97C7-5BC7-BA09-E9811D1C0ED3}.Debug|Win32.ActiveCfg = Debug|Win32
		{9828E898-97C7-5BC7-BA09-E9811D1C0ED3}.Debug|Win32.Build.0 = Debug|Win32
		{9828E898-97C7-5BC7-BA09-E9811D1C0ED3}.Release|Win32.ActiveCfg = Release|Win32
		{9828E898-97C7-5BC7-BA09-E9811D1C0ED3}.Release|Win32.Build.0 = Release|Win32
		{6CBF6B9A-EC18-518B-8F5D-76E736F1E79B}.Debug|Win32.ActiveCfg = Debug|Win32
		{6CBF6B9A-EC18-518B-8F5D-76E736F1E79B}.Debug|Win32.Build.0 = Debug|Win32
		{6CBF6B9A-EC18-518B-8F5D-76E736F1E79B}.Release|Win32.ActiveCfg = Release|Win32
		{6CBF6B9A-EC18-518B-8F5D-76E736F1E79B}.Release|Win32.Build.0 = Release|Win32
		{CF1E1592-536A-5D2E-8F0A-1CFD6D1039C3}.Debug|Win32.ActiveCfg = Debug|Win32
		{CF1E1592-536A-5D2E-8F0A-1CFD6D1039C3}.Debug|Win32.Build.0 = Debug|Win32
		{CF1E1592-536A-5D2E-8F0A-1CFD6D1039C3}.Release|Win32.ActiveCfg = Release|Win32
		{CF1E1592-536A-5D2E-8F0A-1CFD6D1039C3}.Release|Win32.Build.0 = Release|Win32
		{75D8C77F-F4BA-564A-8596-BE3D368408E8}.Debug|Win32.ActiveCfg = Debug|Win32
		{75D8C77F-F4BA-564A-8596-BE3D368408E8}.Debug|Win32.Build.0 = Debug|Win32
		{75D8C77F-F4BA-564A-8596-BE3D368408E8}.Release|Win32.ActiveCfg = Release|Win32
		{75D8C77F-F4BA-564A-8596-BE3D368408E8}.Release|Win32.Build.0 = Release|Win32
		{F24388BC-E9FF-5F03-8312-770FA7CDB4DF}.Debug|Win32.ActiveCfg = Debug|Win32
		{F24388BC-E9FF-5F03-8312-770FA7CDB4DF}.Debug|Win32.Build.0 = Debug|Win32
		{F24388BC-E9FF-5F03-8312-770FA7CDB4DF}.Release|Win32.ActiveCfg = Release|Win32
		{F24388BC-E9FF-5F03-8312-770FA7CDB4DF}.Release|Win32.Build.0 = Release|Win32
		{DCE7DAA3-2BAA-5970-B1BB-82AD0087DCE6}.Debug|Win32.ActiveCfg = Debug|Win32
		{DCE7DAA3-2BAA-5970-B1BB-82AD0087DCE6}.Debug|Win32.Build.0 = Debug|Win32
		{DCE7DAA3-2BAA-5970-B1BB-82AD0087DCE6}.Release|Win32.ActiveCfg = Release|Win32
		{DCE7DAA3-2BAA-5970-B1BB-82AD0087DCE6}.Release|Win32.Build.0 = Release|Win32
	EndGlobalSection
	GlobalSection(SolutionProperties) = preSolution
		HideSolutionNode = FALSE
	EndGlobalSection
EndGlobal
